
Microsoft Visual Studio Solution File, Format Version 12.00
# Visual Studio Version 16
VisualStudioVersion = 16.0.30717.126
MinimumVisualStudioVersion = 10.0.40219.1
Project("{FAE04EC0-301F-11D3-BF4B-00C04F79EFBC}") = "Sorting Visualizer", "Sorting Visualizer.csproj", "{FF347DAA-786D-4220-B763-E821D5B4F69F}"
EndProject
Global
	GlobalSection(SolutionConfigurationPlatforms) = preSolution
		Debug|Any CPU = Debug|Any CPU
		Release|Any CPU = Release|Any CPU
	EndGlobalSection
	GlobalSection(ProjectConfigurationPlatforms) = postSolution
		{FF347DAA-786D-4220-B763-E821D5B4F69F}.Debug|Any CPU.ActiveCfg = Debug|Any CPU
		{FF347DAA-786D-4220-B763-E821D5B4F69F}.Debug|Any CPU.Build.0 = Debug|Any CPU
		{FF347DAA-786D-4220-B763-E821D5B4F69F}.Release|Any CPU.ActiveCfg = Release|Any CPU
		{FF347DAA-786D-4220-B763-E821D5B4F69F}.Release|Any CPU.Build.0 = Release|Any CPU
	EndGlobalSection
	GlobalSection(SolutionProperties) = preSolution
		HideSolutionNode = FALSE
	EndGlobalSection
	GlobalSection(ExtensibilityGlobals) = postSolution
		SolutionGuid = {408519B8-5F3C-45B6-87B3-D1D8C4C89042}
	EndGlobalSection
EndGlobal
